
Microsoft Visual Studio Solution File, Format Version 12.00
# Visual Studio 15
VisualStudioVersion = 15.0.26730.16
MinimumVisualStudioVersion = 10.0.40219.1
Project("{FAE04EC0-301F-11D3-BF4B-00C04F79EFBC}") = "ListaArquivos", "ListaArquivos\ListaArquivos.csproj", "{D5EE8176-296A-49DA-835E-F51034376C42}"
EndProject
Global
	GlobalSection(SolutionConfigurationPlatforms) = preSolution
		Debug|Any CPU = Debug|Any CPU
		Release|Any CPU = Release|Any CPU
	EndGlobalSection
	GlobalSection(ProjectConfigurationPlatforms) = postSolution
		{D5EE8176-296A-49DA-835E-F51034376C42}.Debug|Any CPU.ActiveCfg = Debug|Any CPU
		{D5EE8176-296A-49DA-835E-F51034376C42}.Debug|Any CPU.Build.0 = Debug|Any CPU
		{D5EE8176-296A-49DA-835E-F51034376C42}.Release|Any CPU.ActiveCfg = Release|Any CPU
		{D5EE8176-296A-49DA-835E-F51034376C42}.Release|Any CPU.Build.0 = Release|Any CPU
	EndGlobalSection
	GlobalSection(SolutionProperties) = preSolution
		HideSolutionNode = FALSE
	EndGlobalSection
	GlobalSection(ExtensibilityGlobals) = postSolution
		SolutionGuid = {6D8F4722-65A4-4BE7-9C79-2516CF73AA17}
	EndGlobalSection
EndGlobal
